github.com/aishairfan/assignment01bca v0.1.0 h1:vL67TR8cjY4qYywvTDv8JB4fUxoYKneB3yUNCZUccd8=
github.com/aishairfan/assignment01bca v0.1.0/go.mod h1:T7VOQuy0u2ADDkC5UFYLa6TguYm3Fx8b/5fSCSsBYPE=
github.com/aishairfan/assignment01bca v0.2.0 h1:I2Zv3eP28kN3KxKiQ3XrdCGWLEhTX2cz1fSZJKyCxko=
github.com/aishairfan/assignment01bca v0.2.0/go.mod h1:T7VOQuy0u2ADDkC5UFYLa6TguYm3Fx8b/5fSCSsBYPE=
